{
  "nodes": {
    "emacs-overlay": {
      "inputs": {
        "flake-utils": "flake-utils",
        "nixpkgs": [
          "nixpkgs"
        ],
        "nixpkgs-stable": "nixpkgs-stable"
      },
      "locked": {
        "lastModified": 1698259861,
        "narHash": "sha256-NaqlGTqSVOkJPs7m6wb2IBk5gCsOhP/r6t94oB3zlpE=",
        "owner": "nix-community",
        "repo": "emacs-overlay",
        "rev": "5bf36bac3904c4138ffc2eb85523d2ffb60ef010",
        "type": "github"
      },
      "original": {
        "owner": "nix-community",
        "repo": "emacs-overlay",
        "type": "github"
      }
    },
    "flake-compat": {
      "flake": false,
      "locked": {
        "lastModified": 1673956053,
        "narHash": "sha256-4gtG9iQuiKITOjNQQeQIpoIB6b16fm+504Ch3sNKLd8=",
        "owner": "edolstra",
        "repo": "flake-compat",
        "rev": "35bb57c0c8d8b62bbfd284272c928ceb64ddbde9",
        "type": "github"
      },
      "original": {
        "owner": "edolstra",
        "repo": "flake-compat",
        "type": "github"
      }
    },
    "flake-parts": {
      "inputs": {
        "nixpkgs-lib": "nixpkgs-lib"
      },
      "locked": {
        "lastModified": 1696343447,
        "narHash": "sha256-B2xAZKLkkeRFG5XcHHSXXcP7To9Xzr59KXeZiRf4vdQ=",
        "owner": "hercules-ci",
        "repo": "flake-parts",
        "rev": "c9afaba3dfa4085dbd2ccb38dfade5141e33d9d4",
        "type": "github"
      },
      "original": {
        "owner": "hercules-ci",
        "repo": "flake-parts",
        "type": "github"
      }
    },
    "flake-utils": {
      "inputs": {
        "systems": "systems"
      },
      "locked": {
        "lastModified": 1694529238,
        "narHash": "sha256-zsNZZGTGnMOf9YpHKJqMSsa0dXbfmxeoJ7xHlrt+xmY=",
        "owner": "numtide",
        "repo": "flake-utils",
        "rev": "ff7b65b44d01cf9ba6a71320833626af21126384",
        "type": "github"
      },
      "original": {
        "owner": "numtide",
        "repo": "flake-utils",
        "type": "github"
      }
    },
    "flake-utils_2": {
      "inputs": {
        "systems": "systems_2"
      },
      "locked": {
        "lastModified": 1694529238,
        "narHash": "sha256-zsNZZGTGnMOf9YpHKJqMSsa0dXbfmxeoJ7xHlrt+xmY=",
        "owner": "numtide",
        "repo": "flake-utils",
        "rev": "ff7b65b44d01cf9ba6a71320833626af21126384",
        "type": "github"
      },
      "original": {
        "owner": "numtide",
        "repo": "flake-utils",
        "type": "github"
      }
    },
    "flake-utils_3": {
      "inputs": {
        "systems": "systems_3"
      },
      "locked": {
        "lastModified": 1681202837,
        "narHash": "sha256-H+Rh19JDwRtpVPAWp64F+rlEtxUWBAQW28eAi3SRSzg=",
        "owner": "numtide",
        "repo": "flake-utils",
        "rev": "cfacdce06f30d2b68473a46042957675eebb3401",
        "type": "github"
      },
      "original": {
        "owner": "numtide",
        "repo": "flake-utils",
        "type": "github"
      }
    },
    "flake-utils_4": {
      "inputs": {
        "systems": "systems_4"
      },
      "locked": {
        "lastModified": 1681202837,
        "narHash": "sha256-H+Rh19JDwRtpVPAWp64F+rlEtxUWBAQW28eAi3SRSzg=",
        "owner": "numtide",
        "repo": "flake-utils",
        "rev": "cfacdce06f30d2b68473a46042957675eebb3401",
        "type": "github"
      },
      "original": {
        "owner": "numtide",
        "repo": "flake-utils",
        "type": "github"
      }
    },
    "flake-utils_5": {
      "inputs": {
        "systems": "systems_5"
      },
      "locked": {
        "lastModified": 1685518550,
        "narHash": "sha256-o2d0KcvaXzTrPRIo0kOLV0/QXHhDQ5DTi+OxcjO8xqY=",
        "owner": "numtide",
        "repo": "flake-utils",
        "rev": "a1720a10a6cfe8234c0e93907ffe81be440f4cef",
        "type": "github"
      },
      "original": {
        "owner": "numtide",
        "repo": "flake-utils",
        "type": "github"
      }
    },
    "home-manager": {
      "inputs": {
        "nixpkgs": [
          "nixpkgs"
        ]
      },
      "locked": {
        "lastModified": 1698250431,
        "narHash": "sha256-qs2gTeH4wpnWPO6Oi6sOhp2IhG0i0DzcnrJxIY3/CP8=",
        "owner": "nix-community",
        "repo": "home-manager",
        "rev": "09587fbbc6a669f7725613e044c2577dc5d43ab5",
        "type": "github"
      },
      "original": {
        "owner": "nix-community",
        "repo": "home-manager",
        "type": "github"
      }
    },
    "nix-gaming": {
      "inputs": {
        "flake-parts": "flake-parts",
        "nixpkgs": [
          "nixpkgs"
        ]
      },
      "locked": {
        "lastModified": 1698109854,
        "narHash": "sha256-Vg+LytTlOpgO0dWZoS/CsYCNQllG0p0I+XLWrkRrU8E=",
        "owner": "fufexan",
        "repo": "nix-gaming",
        "rev": "5e8f1c9ae134b459475705a2eb9b81e6dc667e43",
        "type": "github"
      },
      "original": {
        "owner": "fufexan",
        "repo": "nix-gaming",
        "type": "github"
      }
    },
    "nix-minecraft": {
      "inputs": {
        "flake-compat": "flake-compat",
        "flake-utils": "flake-utils_3",
        "nixpkgs": [
          "nixpkgs"
        ]
      },
      "locked": {
        "lastModified": 1708046094,
        "narHash": "sha256-maZTSmuJywZoXoRuKVquzlm8KI90q4XraafBZaYTXik=",
        "owner": "Infinidoge",
        "repo": "nix-minecraft",
        "rev": "d9fa32502068fd9dbf734d1e02ed3294c3e27a63",
        "type": "github"
      },
      "original": {
        "owner": "Infinidoge",
        "repo": "nix-minecraft",
        "type": "github"
      }
    },
    "nixpkgs": {
      "locked": {
        "lastModified": 1698134075,
        "narHash": "sha256-foCD+nuKzfh49bIoiCBur4+Fx1nozo+4C/6k8BYk4sg=",
        "owner": "nixos",
        "repo": "nixpkgs",
        "rev": "8efd5d1e283604f75a808a20e6cde0ef313d07d4",
        "type": "github"
      },
      "original": {
        "owner": "nixos",
        "ref": "nixos-unstable",
        "repo": "nixpkgs",
        "type": "github"
      }
    },
    "nixpkgs-lib": {
      "locked": {
        "dir": "lib",
        "lastModified": 1696019113,
        "narHash": "sha256-X3+DKYWJm93DRSdC5M6K5hLqzSya9BjibtBsuARoPco=",
        "owner": "NixOS",
        "repo": "nixpkgs",
        "rev": "f5892ddac112a1e9b3612c39af1b72987ee5783a",
        "type": "github"
      },
      "original": {
        "dir": "lib",
        "owner": "NixOS",
        "ref": "nixos-unstable",
        "repo": "nixpkgs",
        "type": "github"
      }
    },
    "nixpkgs-stable": {
      "locked": {
        "lastModified": 1697957990,
        "narHash": "sha256-LlyEQ4z1immaiZV+MQMUXM3KpNoRY/xZVm8mmN5j3yg=",
        "owner": "NixOS",
        "repo": "nixpkgs",
        "rev": "b3ddf9649fdac7db15aeea95cb3114c13594d265",
        "type": "github"
      },
      "original": {
        "owner": "NixOS",
        "ref": "nixos-23.05",
        "repo": "nixpkgs",
        "type": "github"
      }
    },
    "root": {
      "inputs": {
        "emacs-overlay": "emacs-overlay",
        "flake-utils": "flake-utils_2",
        "home-manager": "home-manager",
        "nix-gaming": "nix-gaming",
        "nix-minecraft": "nix-minecraft",
        "nixpkgs": "nixpkgs",
        "rust-overlay": "rust-overlay",
        "spicetify-nix": "spicetify-nix"
      }
    },
    "rust-overlay": {
      "inputs": {
        "flake-utils": "flake-utils_4",
        "nixpkgs": [
          "nixpkgs"
        ]
      },
      "locked": {
        "lastModified": 1698199907,
        "narHash": "sha256-n8RtHBIb0rLuYs4RDehW6mj6r6Yam/ODY1af/VCcurw=",
        "owner": "oxalica",
        "repo": "rust-overlay",
        "rev": "22b8d29fd22cfaa2c311e0d6fd8a0ed9c2a1152b",
        "type": "github"
      },
      "original": {
        "owner": "oxalica",
        "repo": "rust-overlay",
        "type": "github"
      }
    },
    "spicetify-nix": {
      "inputs": {
        "flake-utils": "flake-utils_5",
        "nixpkgs": [
          "nixpkgs"
        ]
      },
      "locked": {
        "lastModified": 1693075322,
        "narHash": "sha256-O/qmWiE23pzYMSKNhA74jfY1D5TyiJrHx35PYkRx9Gs=",
        "owner": "the-argus",
        "repo": "spicetify-nix",
        "rev": "78495ade242ad155942c2e33e3930e4a05963f13",
        "type": "github"
      },
      "original": {
        "owner": "the-argus",
        "repo": "spicetify-nix",
        "type": "github"
      }
    },
    "systems": {
      "locked": {
        "lastModified": 1681028828,
        "narHash": "sha256-Vy1rq5AaRuLzOxct8nz4T6wlgyUR7zLU309k9mBC768=",
        "owner": "nix-systems",
        "repo": "default",
        "rev": "da67096a3b9bf56a91d16901293e51ba5b49a27e",
        "type": "github"
      },
      "original": {
        "owner": "nix-systems",
        "repo": "default",
        "type": "github"
      }
    },
    "systems_2": {
      "locked": {
        "lastModified": 1681028828,
        "narHash": "sha256-Vy1rq5AaRuLzOxct8nz4T6wlgyUR7zLU309k9mBC768=",
        "owner": "nix-systems",
        "repo": "default",
        "rev": "da67096a3b9bf56a91d16901293e51ba5b49a27e",
        "type": "github"
      },
      "original": {
        "owner": "nix-systems",
        "repo": "default",
        "type": "github"
      }
    },
    "systems_3": {
      "locked": {
        "lastModified": 1681028828,
        "narHash": "sha256-Vy1rq5AaRuLzOxct8nz4T6wlgyUR7zLU309k9mBC768=",
        "owner": "nix-systems",
        "repo": "default",
        "rev": "da67096a3b9bf56a91d16901293e51ba5b49a27e",
        "type": "github"
      },
      "original": {
        "owner": "nix-systems",
        "repo": "default",
        "type": "github"
      }
    },
    "systems_4": {
      "locked": {
        "lastModified": 1681028828,
        "narHash": "sha256-Vy1rq5AaRuLzOxct8nz4T6wlgyUR7zLU309k9mBC768=",
        "owner": "nix-systems",
        "repo": "default",
        "rev": "da67096a3b9bf56a91d16901293e51ba5b49a27e",
        "type": "github"
      },
      "original": {
        "owner": "nix-systems",
        "repo": "default",
        "type": "github"
      }
    },
    "systems_5": {
      "locked": {
        "lastModified": 1681028828,
        "narHash": "sha256-Vy1rq5AaRuLzOxct8nz4T6wlgyUR7zLU309k9mBC768=",
        "owner": "nix-systems",
        "repo": "default",
        "rev": "da67096a3b9bf56a91d16901293e51ba5b49a27e",
        "type": "github"
      },
      "original": {
        "owner": "nix-systems",
        "repo": "default",
        "type": "github"
      }
    }
  },
  "root": "root",
  "version": 7
}
